
Microsoft Visual Studio Solution File, Format Version 12.00
# Visual Studio 15
VisualStudioVersion = 15.0.27130.2010
MinimumVisualStudioVersion = 10.0.40219.1
Project("{9A19103F-16F7-4668-BE54-9A1E7A4F7556}") = "Distribucion.UI", "Distribucion.UI.csproj", "{8EB0E665-FB01-4087-BDF2-0DFE46B88DEC}"
EndProject
Global
	GlobalSection(SolutionConfigurationPlatforms) = preSolution
		Debug|Any CPU = Debug|Any CPU
		Release|Any CPU = Release|Any CPU
	EndGlobalSection
	GlobalSection(ProjectConfigurationPlatforms) = postSolution
		{8EB0E665-FB01-4087-BDF2-0DFE46B88DEC}.Debug|Any CPU.ActiveCfg = Debug|Any CPU
		{8EB0E665-FB01-4087-BDF2-0DFE46B88DEC}.Debug|Any CPU.Build.0 = Debug|Any CPU
		{8EB0E665-FB01-4087-BDF2-0DFE46B88DEC}.Release|Any CPU.ActiveCfg = Release|Any CPU
		{8EB0E665-FB01-4087-BDF2-0DFE46B88DEC}.Release|Any CPU.Build.0 = Release|Any CPU
	EndGlobalSection
	GlobalSection(SolutionProperties) = preSolution
		HideSolutionNode = FALSE
	EndGlobalSection
	GlobalSection(ExtensibilityGlobals) = postSolution
		SolutionGuid = {A1687146-69DD-43AE-9D5A-AE39E3045A6E}
	EndGlobalSection
	GlobalSection(TeamFoundationVersionControl) = preSolution
		SccNumberOfProjects = 2
		SccEnterpriseProvider = {4CA58AB2-18FA-4F8D-95D4-32DDF27D184C}
		SccTeamFoundationServer = https://carlosanampa.visualstudio.com/
		SccLocalPath0 = .
		SccProjectUniqueName1 = Distribucion.UI.csproj
		SccLocalPath1 = .
	EndGlobalSection
EndGlobal
